
Microsoft Visual Studio Solution File, Format Version 12.00
# Visual Studio Version 17
VisualStudioVersion = 17.5.002.0
MinimumVisualStudioVersion = 10.0.40219.1
Project("{9A19103F-16F7-4668-BE54-9A1E7A4F7556}") = "Api", "Api.csproj", "{646C1468-628A-4A3D-8C61-8680205620BC}"
EndProject
Global
	GlobalSection(SolutionConfigurationPlatforms) = preSolution
		Debug|Any CPU = Debug|Any CPU
		Release|Any CPU = Release|Any CPU
	EndGlobalSection
	GlobalSection(ProjectConfigurationPlatforms) = postSolution
		{646C1468-628A-4A3D-8C61-8680205620BC}.Debug|Any CPU.ActiveCfg = Debug|Any CPU
		{646C1468-628A-4A3D-8C61-8680205620BC}.Debug|Any CPU.Build.0 = Debug|Any CPU
		{646C1468-628A-4A3D-8C61-8680205620BC}.Release|Any CPU.ActiveCfg = Release|Any CPU
		{646C1468-628A-4A3D-8C61-8680205620BC}.Release|Any CPU.Build.0 = Release|Any CPU
	EndGlobalSection
	GlobalSection(SolutionProperties) = preSolution
		HideSolutionNode = FALSE
	EndGlobalSection
	GlobalSection(ExtensibilityGlobals) = postSolution
		SolutionGuid = {06092F9E-9118-4016-A53E-7A72A7CA6F51}
	EndGlobalSection
EndGlobal
